
Microsoft Visual Studio Solution File, Format Version 12.00
# Visual Studio Version 16
VisualStudioVersion = 16.0.30225.117
MinimumVisualStudioVersion = 10.0.40219.1
Project("{FAE04EC0-301F-11D3-BF4B-00C04F79EFBC}") = "Exercicio 2 - Reajuste Salarial", "Exercicio 2 - Reajuste Salarial.csproj", "{B016AE06-4465-40EC-A14A-8473CE1C7E5A}"
EndProject
Global
	GlobalSection(SolutionConfigurationPlatforms) = preSolution
		Debug|Any CPU = Debug|Any CPU
		Release|Any CPU = Release|Any CPU
	EndGlobalSection
	GlobalSection(ProjectConfigurationPlatforms) = postSolution
		{B016AE06-4465-40EC-A14A-8473CE1C7E5A}.Debug|Any CPU.ActiveCfg = Debug|Any CPU
		{B016AE06-4465-40EC-A14A-8473CE1C7E5A}.Debug|Any CPU.Build.0 = Debug|Any CPU
		{B016AE06-4465-40EC-A14A-8473CE1C7E5A}.Release|Any CPU.ActiveCfg = Release|Any CPU
		{B016AE06-4465-40EC-A14A-8473CE1C7E5A}.Release|Any CPU.Build.0 = Release|Any CPU
	EndGlobalSection
	GlobalSection(SolutionProperties) = preSolution
		HideSolutionNode = FALSE
	EndGlobalSection
	GlobalSection(ExtensibilityGlobals) = postSolution
		SolutionGuid = {1B295B13-2259-4BE9-A5FE-63E923930DB3}
	EndGlobalSection
EndGlobal
